SITE
  remote: http://community.opscode.com/api/v1
  specs:
    build-essential (1.1.0)

GIT
  remote: https://github.com/flaccid/cookbooks
  path: cookbooks/cron
  ref: master
  sha: 216a9f371f734761967cb6810afa074cdb81f9e6
  specs:
    cron (1.0.1)

GIT
  remote: https://github.com/flaccid/cookbooks
  path: cookbooks/ntp
  ref: master
  sha: 216a9f371f734761967cb6810afa074cdb81f9e6
  specs:
    ntp (1.1.9)

GIT
  remote: https://github.com/flaccid/cookbooks
  path: cookbooks/postfix
  ref: master
  sha: 216a9f371f734761967cb6810afa074cdb81f9e6
  specs:
    postfix (1.2.0)

GIT
  remote: https://github.com/flaccid/cookbooks
  path: cookbooks/python
  ref: master
  sha: 216a9f371f734761967cb6810afa074cdb81f9e6
  specs:
    python (1.0.4)
      build-essential (>= 0.0.0)

GIT
  remote: https://github.com/flaccid/cookbooks
  path: cookbooks/resolver
  ref: master
  sha: 216a9f371f734761967cb6810afa074cdb81f9e6
  specs:
    resolver (0.8.2)

GIT
  remote: https://github.com/flaccid/cookbooks
  path: cookbooks/ruby
  ref: master
  sha: 216a9f371f734761967cb6810afa074cdb81f9e6
  specs:
    ruby (0.0.1)

GIT
  remote: https://github.com/flaccid/cookbooks
  path: cookbooks/rubygems
  ref: master
  sha: 216a9f371f734761967cb6810afa074cdb81f9e6
  specs:
    rubygems (0.0.1)
      ruby (>= 0.0.0)

GIT
  remote: https://github.com/flaccid/cookbooks
  path: cookbooks/sudo
  ref: master
  sha: 216a9f371f734761967cb6810afa074cdb81f9e6
  specs:
    sudo (1.1.1)

GIT
  remote: https://github.com/flaccid/cookbooks_public
  path: cookbooks/rs_utils
  ref: master
  sha: e9ca703b6dae8204f6e1ce42dedd31f20d2f8810
  specs:
    rs_utils (0.0.1)

DEPENDENCIES
  cron (>= 0)
  ntp (>= 0)
  postfix (>= 0)
  python (>= 0)
  resolver (>= 0)
  rs_utils (>= 0)
  ruby (>= 0)
  rubygems (>= 0)
  sudo (>= 0)

