SITE
  remote: http://community.opscode.com/api/v1
  specs:
    build-essential (1.4.0)
    yum (2.3.0)

GIT
  remote: https://github.com/coderanger/chef-collectd_plugins
  ref: master
  sha: d8e264da9ad982dc75978e48c14a9323db553378
  specs:
    collectd_plugins (1.0.0)
      collectd (>= 0.0.0)

GIT
  remote: https://github.com/flaccid/chef-collectd
  ref: master
  sha: 7956367a5ad0553f6b1150f27c2d657d49c3618c
  specs:
    collectd (1.0.0)
      apache2 (>= 0.0.0)

GIT
  remote: https://github.com/flaccid/cookbooks
  path: cookbooks/resolver
  ref: master
  sha: 28bcd8b2633f3687f7c1c53d56f65d03594081e9
  specs:
    resolver (0.8.2)

GIT
  remote: https://github.com/flaccid/cookbooks
  path: cookbooks/rest_connection
  ref: master
  sha: 28bcd8b2633f3687f7c1c53d56f65d03594081e9
  specs:
    rest_connection (0.0.1)

GIT
  remote: https://github.com/flaccid/cookbooks
  path: cookbooks/rightscale
  ref: master
  sha: 48d1b43493c83bd0931af16e704cabbccafb0ae6
  specs:
    rightscale (0.0.1)
      collectd (>= 0.0.0)

GIT
  remote: https://github.com/flaccid/cookbooks
  path: cookbooks/ruby
  ref: master
  sha: 28bcd8b2633f3687f7c1c53d56f65d03594081e9
  specs:
    ruby (0.0.1)

GIT
  remote: https://github.com/flaccid/cookbooks
  path: cookbooks/rubygems
  ref: master
  sha: 28bcd8b2633f3687f7c1c53d56f65d03594081e9
  specs:
    rubygems (0.0.1)
      ruby (>= 0.0.0)

GIT
  remote: https://github.com/flaccid/cookbooks
  path: cookbooks/system
  ref: master
  sha: 28bcd8b2633f3687f7c1c53d56f65d03594081e9
  specs:
    apt (0.0.1)
      cron (>= 0.0.0)
    system (0.0.1)
      cron (>= 0.0.0)

GIT
  remote: https://github.com/opscode-cookbooks/apache2
  ref: master
  sha: d163d2584ebcc8dbe784c5c9be087c69d618d063
  specs:
    apache2 (1.6.7)

GIT
  remote: https://github.com/opscode-cookbooks/cron
  ref: master
  sha: af525c93c79eb7a789cf9bc23f19f4d1793bbd55
  specs:
    cron (1.2.5)

GIT
  remote: https://github.com/opscode-cookbooks/ntp
  ref: master
  sha: 866f12c812f03c3fdb46d076315c8ff808e762be
  specs:
    ntp (1.3.2)

GIT
  remote: https://github.com/opscode-cookbooks/postfix
  ref: master
  sha: 3d18ce0e397a5dfb996848c9db44e0e794b332f8
  specs:
    postfix (2.1.7)

GIT
  remote: https://github.com/opscode-cookbooks/python
  ref: master
  sha: 345c56acefdd8670938cd7d29a19fc5394aad9fc
  specs:
    python (1.3.7)
      build-essential (>= 0.0.0)
      yum (>= 0.0.0)

GIT
  remote: https://github.com/opscode-cookbooks/sudo
  ref: master
  sha: a503303c8df8e832de5252169f4c02540b46667c
  specs:
    sudo (2.1.5)

DEPENDENCIES
  apache2 (>= 0)
  apt (>= 0)
  collectd (>= 0)
  collectd_plugins (>= 0)
  cron (>= 0)
  ntp (>= 0)
  postfix (>= 0)
  python (>= 0)
  resolver (>= 0)
  rest_connection (>= 0)
  rightscale (>= 0)
  ruby (>= 0)
  rubygems (>= 0)
  sudo (>= 0)
  system (>= 0)

