SITE
  remote: http://community.opscode.com/api/v1
  specs:
    build-essential (1.1.0)
    yum (0.8.0)

GIT
  remote: https://github.com/AtariTech/cookbooks.git
  path: collectd
  ref: master
  sha: 37aea60edd7926ab408440054811fbe627a39260
  specs:
    collectd (1.0.0)

GIT
  remote: https://github.com/flaccid/cookbooks
  path: cookbooks/resolver
  ref: master
  sha: c9a2978a06be2264d498e57864fa7ec935eb1f14
  specs:
    resolver (0.8.2)

GIT
  remote: https://github.com/flaccid/cookbooks
  path: cookbooks/rightscale
  ref: master
  sha: 3b41eb8f0ba412d8d8565cdbc340a4797193eff6
  specs:
    rightscale (0.0.1)
      collectd (>= 0.0.0)

GIT
  remote: https://github.com/flaccid/cookbooks
  path: cookbooks/ruby
  ref: master
  sha: c9a2978a06be2264d498e57864fa7ec935eb1f14
  specs:
    ruby (0.0.1)

GIT
  remote: https://github.com/flaccid/cookbooks
  path: cookbooks/rubygems
  ref: master
  sha: c9a2978a06be2264d498e57864fa7ec935eb1f14
  specs:
    rubygems (0.0.1)
      ruby (>= 0.0.0)

GIT
  remote: https://github.com/flaccid/cookbooks
  path: cookbooks/system
  ref: master
  sha: 204cda211f26e14e83e2e61071d91136ce6b67c1
  specs:
    system (0.0.1)
      cron (>= 0.0.0)

GIT
  remote: https://github.com/opscode-cookbooks/cron
  ref: master
  sha: cc9ce3c83ce8bafa327664803ab63a05182c5ce4
  specs:
    cron (1.0.1)

GIT
  remote: https://github.com/opscode-cookbooks/ntp
  ref: master
  sha: 3991185e38b07a09f8a6a4994dc6d778670a11a2
  specs:
    ntp (1.1.9)

GIT
  remote: https://github.com/opscode-cookbooks/postfix
  ref: master
  sha: e2a1a3079a4f7839ee8b85d4e5523eaaf94bb825
  specs:
    postfix (1.2.0)

GIT
  remote: https://github.com/opscode-cookbooks/python
  ref: master
  sha: e7d06b4db5aec229a4737b8025482df013ebaefe
  specs:
    python (1.0.8)
      build-essential (>= 0.0.0)
      yum (>= 0.0.0)

GIT
  remote: https://github.com/opscode-cookbooks/sudo
  ref: master
  sha: e08de50f3d9327edb55676b1b6adb113ddc819dc
  specs:
    sudo (1.1.1)

DEPENDENCIES
  collectd (>= 0)
  cron (>= 0)
  ntp (>= 0)
  postfix (>= 0)
  python (>= 0)
  resolver (>= 0)
  rightscale (>= 0)
  ruby (>= 0)
  rubygems (>= 0)
  sudo (>= 0)
  system (>= 0)

